
Microsoft Visual Studio Solution File, Format Version 12.00
# Visual Studio Version 17
VisualStudioVersion = 17.7.34202.233
MinimumVisualStudioVersion = 10.0.40219.1
Project("{FAE04EC0-301F-11D3-BF4B-00C04F79EFBC}") = "veri_analiz_son_versiyon", "veri_analiz_son_versiyon\veri_analiz_son_versiyon.csproj", "{42EFA94D-0F4C-4D00-B914-9AC3580C9215}"
EndProject
Global
	GlobalSection(SolutionConfigurationPlatforms) = preSolution
		Debug|Any CPU = Debug|Any CPU
		Release|Any CPU = Release|Any CPU
	EndGlobalSection
	GlobalSection(ProjectConfigurationPlatforms) = postSolution
		{42EFA94D-0F4C-4D00-B914-9AC3580C9215}.Debug|Any CPU.ActiveCfg = Debug|Any CPU
		{42EFA94D-0F4C-4D00-B914-9AC3580C9215}.Debug|Any CPU.Build.0 = Debug|Any CPU
		{42EFA94D-0F4C-4D00-B914-9AC3580C9215}.Release|Any CPU.ActiveCfg = Release|Any CPU
		{42EFA94D-0F4C-4D00-B914-9AC3580C9215}.Release|Any CPU.Build.0 = Release|Any CPU
	EndGlobalSection
	GlobalSection(SolutionProperties) = preSolution
		HideSolutionNode = FALSE
	EndGlobalSection
	GlobalSection(ExtensibilityGlobals) = postSolution
		SolutionGuid = {70B7E0BD-62D2-46AD-A325-A7EF263DF16A}
	EndGlobalSection
EndGlobal
